
Microsoft Visual Studio Solution File, Format Version 12.00
# Visual Studio Version 16
VisualStudioVersion = 16.0.31424.327
MinimumVisualStudioVersion = 10.0.40219.1
Project("{FAE04EC0-301F-11D3-BF4B-00C04F79EFBC}") = "ByteBank_Heranca_Interface", "ByteBank_Heranca_Interface\ByteBank_Heranca_Interface.csproj", "{1771F1C0-FC36-4A3F-A37C-A24585A25412}"
EndProject
Global
	GlobalSection(SolutionConfigurationPlatforms) = preSolution
		Debug|Any CPU = Debug|Any CPU
		Release|Any CPU = Release|Any CPU
	EndGlobalSection
	GlobalSection(ProjectConfigurationPlatforms) = postSolution
		{1771F1C0-FC36-4A3F-A37C-A24585A25412}.Debug|Any CPU.ActiveCfg = Debug|Any CPU
		{1771F1C0-FC36-4A3F-A37C-A24585A25412}.Debug|Any CPU.Build.0 = Debug|Any CPU
		{1771F1C0-FC36-4A3F-A37C-A24585A25412}.Release|Any CPU.ActiveCfg = Release|Any CPU
		{1771F1C0-FC36-4A3F-A37C-A24585A25412}.Release|Any CPU.Build.0 = Release|Any CPU
	EndGlobalSection
	GlobalSection(SolutionProperties) = preSolution
		HideSolutionNode = FALSE
	EndGlobalSection
	GlobalSection(ExtensibilityGlobals) = postSolution
		SolutionGuid = {40F0E843-BC93-4166-AD2E-42A40A33CB5C}
	EndGlobalSection
EndGlobal
